// !$*UTF8*$!
{
	archiveVersion = 1;
	classes = {
	};
	objectVersion = 56;
	objects = {

/* Begin PBXBuildFile section */
		17EBA2952C0750E400A02F78 /* WhatsappChatApp.swift in Sources */ = {isa = PBXBuildFile; fileRef = 17EBA2942C0750E400A02F78 /* WhatsappChatApp.swift */; };
		17EBA2992C0750EF00A02F78 /* Assets.xcassets in Resources */ = {isa = PBXBuildFile; fileRef = 17EBA2982C0750EF00A02F78 /* Assets.xcassets */; };
		17EBA29C2C0750EF00A02F78 /* Preview Assets.xcassets in Resources */ = {isa = PBXBuildFile; fileRef = 17EBA29B2C0750EF00A02F78 /* Preview Assets.xcassets */; };
		17EBA2A32C0755E700A02F78 /* MainTabview.swift in Sources */ = {isa = PBXBuildFile; fileRef = 17EBA2A22C0755E700A02F78 /* MainTabview.swift */; };
		17EBA2A52C0756AB00A02F78 /* ChatView.swift in Sources */ = {isa = PBXBuildFile; fileRef = 17EBA2A42C0756AB00A02F78 /* ChatView.swift */; };
		17EBA2A72C075E4700A02F78 /* CallView.swift in Sources */ = {isa = PBXBuildFile; fileRef = 17EBA2A62C075E4700A02F78 /* CallView.swift */; };
		17EBA2A92C075E9600A02F78 /* UpdatesView.swift in Sources */ = {isa = PBXBuildFile; fileRef = 17EBA2A82C075E9600A02F78 /* UpdatesView.swift */; };
		17EBA2AB2C075EB400A02F78 /* CommunityView.swift in Sources */ = {isa = PBXBuildFile; fileRef = 17EBA2AA2C075EB400A02F78 /* CommunityView.swift */; };
		17EBA2AD2C075ECA00A02F78 /* SettingView.swift in Sources */ = {isa = PBXBuildFile; fileRef = 17EBA2AC2C075ECA00A02F78 /* SettingView.swift */; };
		17EBA2B22C0777E300A02F78 /* ProfileView.swift in Sources */ = {isa = PBXBuildFile; fileRef = 17EBA2B12C0777E300A02F78 /* ProfileView.swift */; };
		17EBA2B42C079F4700A02F78 /* ChatDetailView.swift in Sources */ = {isa = PBXBuildFile; fileRef = 17EBA2B32C079F4700A02F78 /* ChatDetailView.swift */; };
		17EBA2D62C07CF1400A02F78 /* PhotoPicker.swift in Sources */ = {isa = PBXBuildFile; fileRef = 17EBA2D52C07CF1400A02F78 /* PhotoPicker.swift */; };
		17EBA2F82C08280700A02F78 /* ChatsModel.xcdatamodeld in Sources */ = {isa = PBXBuildFile; fileRef = 17EBA2F62C08280700A02F78 /* ChatsModel.xcdatamodeld */; };
		17EBA2FA2C0828C300A02F78 /* StorageProvider.swift in Sources */ = {isa = PBXBuildFile; fileRef = 17EBA2F92C0828C300A02F78 /* StorageProvider.swift */; };
		17EBA2FD2C08333D00A02F78 /* Chat.swift in Sources */ = {isa = PBXBuildFile; fileRef = 17EBA2FC2C08333D00A02F78 /* Chat.swift */; };
		17EBA3282C0857AD00A02F78 /* ChatCellView.swift in Sources */ = {isa = PBXBuildFile; fileRef = 17EBA3272C0857AD00A02F78 /* ChatCellView.swift */; };
		17EBA3712C089FD400A02F78 /* ContentView.swift.swift in Sources */ = {isa = PBXBuildFile; fileRef = 17EBA3702C089FD400A02F78 /* ContentView.swift.swift */; };
		17EBA3742C08A08C00A02F78 /* FruitsCoreData.xcdatamodeld in Sources */ = {isa = PBXBuildFile; fileRef = 17EBA3722C08A08C00A02F78 /* FruitsCoreData.xcdatamodeld */; };
		17EBA3762C08A0AB00A02F78 /* Persistence.swift in Sources */ = {isa = PBXBuildFile; fileRef = 17EBA3752C08A0AB00A02F78 /* Persistence.swift */; };
		17EBA3782C08A0BF00A02F78 /* CoreDataView.swift in Sources */ = {isa = PBXBuildFile; fileRef = 17EBA3772C08A0BF00A02F78 /* CoreDataView.swift */; };
/* End PBXBuildFile section */

/* Begin PBXFileReference section */
		17EBA2912C0750E400A02F78 /* WhatsappChat.app */ = {isa = PBXFileReference; explicitFileType = wrapper.application; includeInIndex = 0; path = WhatsappChat.app; sourceTree = BUILT_PRODUCTS_DIR; };
		17EBA2942C0750E400A02F78 /* WhatsappChatApp.swift */ = {isa = PBXFileReference; lastKnownFileType = sourcecode.swift; path = WhatsappChatApp.swift; sourceTree = "<group>"; };
		17EBA2982C0750EF00A02F78 /* Assets.xcassets */ = {isa = PBXFileReference; lastKnownFileType = folder.assetcatalog; path = Assets.xcassets; sourceTree = "<group>"; };
		17EBA29B2C0750EF00A02F78 /* Preview Assets.xcassets */ = {isa = PBXFileReference; lastKnownFileType = folder.assetcatalog; path = "Preview Assets.xcassets"; sourceTree = "<group>"; };
		17EBA2A22C0755E700A02F78 /* MainTabview.swift */ = {isa = PBXFileReference; lastKnownFileType = sourcecode.swift; path = MainTabview.swift; sourceTree = "<group>"; };
		17EBA2A42C0756AB00A02F78 /* ChatView.swift */ = {isa = PBXFileReference; lastKnownFileType = sourcecode.swift; path = ChatView.swift; sourceTree = "<group>"; };
		17EBA2A62C075E4700A02F78 /* CallView.swift */ = {isa = PBXFileReference; lastKnownFileType = sourcecode.swift; path = CallView.swift; sourceTree = "<group>"; };
		17EBA2A82C075E9600A02F78 /* UpdatesView.swift */ = {isa = PBXFileReference; lastKnownFileType = sourcecode.swift; path = UpdatesView.swift; sourceTree = "<group>"; };
		17EBA2AA2C075EB400A02F78 /* CommunityView.swift */ = {isa = PBXFileReference; lastKnownFileType = sourcecode.swift; path = CommunityView.swift; sourceTree = "<group>"; };
		17EBA2AC2C075ECA00A02F78 /* SettingView.swift */ = {isa = PBXFileReference; lastKnownFileType = sourcecode.swift; path = SettingView.swift; sourceTree = "<group>"; };
		17EBA2B12C0777E300A02F78 /* ProfileView.swift */ = {isa = PBXFileReference; lastKnownFileType = sourcecode.swift; path = ProfileView.swift; sourceTree = "<group>"; };
		17EBA2B32C079F4700A02F78 /* ChatDetailView.swift */ = {isa = PBXFileReference; lastKnownFileType = sourcecode.swift; path = ChatDetailView.swift; sourceTree = "<group>"; };
		17EBA2D52C07CF1400A02F78 /* PhotoPicker.swift */ = {isa = PBXFileReference; fileEncoding = 4; lastKnownFileType = sourcecode.swift; path = PhotoPicker.swift; sourceTree = "<group>"; };
		17EBA2F72C08280700A02F78 /* ChatsModel.xcdatamodel */ = {isa = PBXFileReference; lastKnownFileType = wrapper.xcdatamodel; path = ChatsModel.xcdatamodel; sourceTree = "<group>"; };
		17EBA2F92C0828C300A02F78 /* StorageProvider.swift */ = {isa = PBXFileReference; lastKnownFileType = sourcecode.swift; path = StorageProvider.swift; sourceTree = "<group>"; };
		17EBA2FC2C08333D00A02F78 /* Chat.swift */ = {isa = PBXFileReference; lastKnownFileType = sourcecode.swift; path = Chat.swift; sourceTree = "<group>"; };
		17EBA3272C0857AD00A02F78 /* ChatCellView.swift */ = {isa = PBXFileReference; lastKnownFileType = sourcecode.swift; path = ChatCellView.swift; sourceTree = "<group>"; };
		17EBA3702C089FD400A02F78 /* ContentView.swift.swift */ = {isa = PBXFileReference; fileEncoding = 4; lastKnownFileType = sourcecode.swift; path = ContentView.swift.swift; sourceTree = "<group>"; };
		17EBA3732C08A08C00A02F78 /* FruitsCoreData.xcdatamodel */ = {isa = PBXFileReference; lastKnownFileType = wrapper.xcdatamodel; path = FruitsCoreData.xcdatamodel; sourceTree = "<group>"; };
		17EBA3752C08A0AB00A02F78 /* Persistence.swift */ = {isa = PBXFileReference; fileEncoding = 4; lastKnownFileType = sourcecode.swift; path = Persistence.swift; sourceTree = "<group>"; };
		17EBA3772C08A0BF00A02F78 /* CoreDataView.swift */ = {isa = PBXFileReference; fileEncoding = 4; lastKnownFileType = sourcecode.swift; path = CoreDataView.swift; sourceTree = "<group>"; };
/* End PBXFileReference section */

/* Begin PBXFrameworksBuildPhase section */
		17EBA28E2C0750E400A02F78 /* Frameworks */ = {
			isa = PBXFrameworksBuildPhase;
			buildActionMask = 2147483647;
			files = (
			);
			runOnlyForDeploymentPostprocessing = 0;
		};
/* End PBXFrameworksBuildPhase section */

/* Begin PBXGroup section */
		17EBA2882C0750E400A02F78 = {
			isa = PBXGroup;
			children = (
				17EBA2932C0750E400A02F78 /* WhatsappChat */,
				17EBA2922C0750E400A02F78 /* Products */,
			);
			sourceTree = "<group>";
		};
		17EBA2922C0750E400A02F78 /* Products */ = {
			isa = PBXGroup;
			children = (
				17EBA2912C0750E400A02F78 /* WhatsappChat.app */,
			);
			name = Products;
			sourceTree = "<group>";
		};
		17EBA2932C0750E400A02F78 /* WhatsappChat */ = {
			isa = PBXGroup;
			children = (
				17EBA2942C0750E400A02F78 /* WhatsappChatApp.swift */,
				17EBA3702C089FD400A02F78 /* ContentView.swift.swift */,
				17EBA2A22C0755E700A02F78 /* MainTabview.swift */,
				17EBA34C2C08979700A02F78 /* Chat */,
				17EBA2B12C0777E300A02F78 /* ProfileView.swift */,
				17EBA2D52C07CF1400A02F78 /* PhotoPicker.swift */,
				17EBA3772C08A0BF00A02F78 /* CoreDataView.swift */,
				17EBA2AE2C075ED700A02F78 /* Views dummy */,
				17EBA2FB2C0832FD00A02F78 /* Storage */,
				17EBA2982C0750EF00A02F78 /* Assets.xcassets */,
				17EBA29A2C0750EF00A02F78 /* Preview Content */,
			);
			path = WhatsappChat;
			sourceTree = "<group>";
		};
		17EBA29A2C0750EF00A02F78 /* Preview Content */ = {
			isa = PBXGroup;
			children = (
				17EBA29B2C0750EF00A02F78 /* Preview Assets.xcassets */,
			);
			path = "Preview Content";
			sourceTree = "<group>";
		};
		17EBA2AE2C075ED700A02F78 /* Views dummy */ = {
			isa = PBXGroup;
			children = (
				17EBA2A62C075E4700A02F78 /* CallView.swift */,
				17EBA2AC2C075ECA00A02F78 /* SettingView.swift */,
				17EBA2AA2C075EB400A02F78 /* CommunityView.swift */,
				17EBA2A82C075E9600A02F78 /* UpdatesView.swift */,
			);
			path = "Views dummy";
			sourceTree = "<group>";
		};
		17EBA2FB2C0832FD00A02F78 /* Storage */ = {
			isa = PBXGroup;
			children = (
				17EBA2F92C0828C300A02F78 /* StorageProvider.swift */,
				17EBA3752C08A0AB00A02F78 /* Persistence.swift */,
				17EBA2FC2C08333D00A02F78 /* Chat.swift */,
				17EBA3722C08A08C00A02F78 /* FruitsCoreData.xcdatamodeld */,
				17EBA2F62C08280700A02F78 /* ChatsModel.xcdatamodeld */,
			);
			path = Storage;
			sourceTree = "<group>";
		};
		17EBA34C2C08979700A02F78 /* Chat */ = {
			isa = PBXGroup;
			children = (
				17EBA2A42C0756AB00A02F78 /* ChatView.swift */,
				17EBA3272C0857AD00A02F78 /* ChatCellView.swift */,
				17EBA2B32C079F4700A02F78 /* ChatDetailView.swift */,
			);
			path = Chat;
			sourceTree = "<group>";
		};
/* End PBXGroup section */

/* Begin PBXNativeTarget section */
		17EBA2902C0750E400A02F78 /* WhatsappChat */ = {
			isa = PBXNativeTarget;
			buildConfigurationList = 17EBA29F2C0750EF00A02F78 /* Build configuration list for PBXNativeTarget "WhatsappChat" */;
			buildPhases = (
				17EBA28D2C0750E400A02F78 /* Sources */,
				17EBA28E2C0750E400A02F78 /* Frameworks */,
				17EBA28F2C0750E400A02F78 /* Resources */,
			);
			buildRules = (
			);
			dependencies = (
			);
			name = WhatsappChat;
			productName = WhatsappChat;
			productReference = 17EBA2912C0750E400A02F78 /* WhatsappChat.app */;
			productType = "com.apple.product-type.application";
		};
/* End PBXNativeTarget section */

/* Begin PBXProject section */
		17EBA2892C0750E400A02F78 /* Project object */ = {
			isa = PBXProject;
			attributes = {
				BuildIndependentTargetsInParallel = 1;
				LastSwiftUpdateCheck = 1530;
				LastUpgradeCheck = 1530;
				TargetAttributes = {
					17EBA2902C0750E400A02F78 = {
						CreatedOnToolsVersion = 15.3;
					};
				};
			};
			buildConfigurationList = 17EBA28C2C0750E400A02F78 /* Build configuration list for PBXProject "WhatsappChat" */;
			compatibilityVersion = "Xcode 14.0";
			developmentRegion = en;
			hasScannedForEncodings = 0;
			knownRegions = (
				en,
				Base,
			);
			mainGroup = 17EBA2882C0750E400A02F78;
			productRefGroup = 17EBA2922C0750E400A02F78 /* Products */;
			projectDirPath = "";
			projectRoot = "";
			targets = (
				17EBA2902C0750E400A02F78 /* WhatsappChat */,
			);
		};
/* End PBXProject section */

/* Begin PBXResourcesBuildPhase section */
		17EBA28F2C0750E400A02F78 /* Resources */ = {
			isa = PBXResourcesBuildPhase;
			buildActionMask = 2147483647;
			files = (
				17EBA29C2C0750EF00A02F78 /* Preview Assets.xcassets in Resources */,
				17EBA2992C0750EF00A02F78 /* Assets.xcassets in Resources */,
			);
			runOnlyForDeploymentPostprocessing = 0;
		};
/* End PBXResourcesBuildPhase section */

/* Begin PBXSourcesBuildPhase section */
		17EBA28D2C0750E400A02F78 /* Sources */ = {
			isa = PBXSourcesBuildPhase;
			buildActionMask = 2147483647;
			files = (
				17EBA2AB2C075EB400A02F78 /* CommunityView.swift in Sources */,
				17EBA2A52C0756AB00A02F78 /* ChatView.swift in Sources */,
				17EBA3762C08A0AB00A02F78 /* Persistence.swift in Sources */,
				17EBA2B22C0777E300A02F78 /* ProfileView.swift in Sources */,
				17EBA3742C08A08C00A02F78 /* FruitsCoreData.xcdatamodeld in Sources */,
				17EBA3782C08A0BF00A02F78 /* CoreDataView.swift in Sources */,
				17EBA2952C0750E400A02F78 /* WhatsappChatApp.swift in Sources */,
				17EBA3712C089FD400A02F78 /* ContentView.swift.swift in Sources */,
				17EBA2FA2C0828C300A02F78 /* StorageProvider.swift in Sources */,
				17EBA2A92C075E9600A02F78 /* UpdatesView.swift in Sources */,
				17EBA3282C0857AD00A02F78 /* ChatCellView.swift in Sources */,
				17EBA2B42C079F4700A02F78 /* ChatDetailView.swift in Sources */,
				17EBA2D62C07CF1400A02F78 /* PhotoPicker.swift in Sources */,
				17EBA2AD2C075ECA00A02F78 /* SettingView.swift in Sources */,
				17EBA2F82C08280700A02F78 /* ChatsModel.xcdatamodeld in Sources */,
				17EBA2A72C075E4700A02F78 /* CallView.swift in Sources */,
				17EBA2FD2C08333D00A02F78 /* Chat.swift in Sources */,
				17EBA2A32C0755E700A02F78 /* MainTabview.swift in Sources */,
			);
			runOnlyForDeploymentPostprocessing = 0;
		};
/* End PBXSourcesBuildPhase section */

/* Begin XCBuildConfiguration section */
		17EBA29D2C0750EF00A02F78 /* Debug */ = {
			isa = XCBuildConfiguration;
			buildSettings = {
				ALWAYS_SEARCH_USER_PATHS = NO;
				ASSETCATALOG_COMPILER_GENERATE_SWIFT_ASSET_SYMBOL_EXTENSIONS = YES;
				CLANG_ANALYZER_NONNULL = YES;
				CLANG_ANALYZER_NUMBER_OBJECT_CONVERSION = YES_AGGRESSIVE;
				CLANG_CXX_LANGUAGE_STANDARD = "gnu++20";
				CLANG_ENABLE_MODULES = YES;
				CLANG_ENABLE_OBJC_ARC = YES;
				CLANG_ENABLE_OBJC_WEAK = YES;
				CLANG_WARN_BLOCK_CAPTURE_AUTORELEASING = YES;
				CLANG_WARN_BOOL_CONVERSION = YES;
				CLANG_WARN_COMMA = YES;
				CLANG_WARN_CONSTANT_CONVERSION = YES;
				CLANG_WARN_DEPRECATED_OBJC_IMPLEMENTATIONS = YES;
				CLANG_WARN_DIRECT_OBJC_ISA_USAGE = YES_ERROR;
				CLANG_WARN_DOCUMENTATION_COMMENTS = YES;
				CLANG_WARN_EMPTY_BODY = YES;
				CLANG_WARN_ENUM_CONVERSION = YES;
				CLANG_WARN_INFINITE_RECURSION = YES;
				CLANG_WARN_INT_CONVERSION = YES;
				CLANG_WARN_NON_LITERAL_NULL_CONVERSION = YES;
				CLANG_WARN_OBJC_IMPLICIT_RETAIN_SELF = YES;
				CLANG_WARN_OBJC_LITERAL_CONVERSION = YES;
				CLANG_WARN_OBJC_ROOT_CLASS = YES_ERROR;
				CLANG_WARN_QUOTED_INCLUDE_IN_FRAMEWORK_HEADER = YES;
				CLANG_WARN_RANGE_LOOP_ANALYSIS = YES;
				CLANG_WARN_STRICT_PROTOTYPES = YES;
				CLANG_WARN_SUSPICIOUS_MOVE = YES;
				CLANG_WARN_UNGUARDED_AVAILABILITY = YES_AGGRESSIVE;
				CLANG_WARN_UNREACHABLE_CODE = YES;
				CLANG_WARN__DUPLICATE_METHOD_MATCH = YES;
				COPY_PHASE_STRIP = NO;
				DEBUG_INFORMATION_FORMAT = dwarf;
				ENABLE_STRICT_OBJC_MSGSEND = YES;
				ENABLE_TESTABILITY = YES;
				ENABLE_USER_SCRIPT_SANDBOXING = YES;
				GCC_C_LANGUAGE_STANDARD = gnu17;
				GCC_DYNAMIC_NO_PIC = NO;
				GCC_NO_COMMON_BLOCKS = YES;
				GCC_OPTIMIZATION_LEVEL = 0;
				GCC_PREPROCESSOR_DEFINITIONS = (
					"DEBUG=1",
					"$(inherited)",
				);
				GCC_WARN_64_TO_32_BIT_CONVERSION = YES;
				GCC_WARN_ABOUT_RETURN_TYPE = YES_ERROR;
				GCC_WARN_UNDECLARED_SELECTOR = YES;
				GCC_WARN_UNINITIALIZED_AUTOS = YES_AGGRESSIVE;
				GCC_WARN_UNUSED_FUNCTION = YES;
				GCC_WARN_UNUSED_VARIABLE = YES;
				IPHONEOS_DEPLOYMENT_TARGET = 17.4;
				LOCALIZATION_PREFERS_STRING_CATALOGS = YES;
				MTL_ENABLE_DEBUG_INFO = INCLUDE_SOURCE;
				MTL_FAST_MATH = YES;
				ONLY_ACTIVE_ARCH = YES;
				SDKROOT = iphoneos;
				SWIFT_ACTIVE_COMPILATION_CONDITIONS = "DEBUG $(inherited)";
				SWIFT_OPTIMIZATION_LEVEL = "-Onone";
			};
			name = Debug;
		};
		17EBA29E2C0750EF00A02F78 /* Release */ = {
			isa = XCBuildConfiguration;
			buildSettings = {
				ALWAYS_SEARCH_USER_PATHS = NO;
				ASSETCATALOG_COMPILER_GENERATE_SWIFT_ASSET_SYMBOL_EXTENSIONS = YES;
				CLANG_ANALYZER_NONNULL = YES;
				CLANG_ANALYZER_NUMBER_OBJECT_CONVERSION = YES_AGGRESSIVE;
				CLANG_CXX_LANGUAGE_STANDARD = "gnu++20";
				CLANG_ENABLE_MODULES = YES;
				CLANG_ENABLE_OBJC_ARC = YES;
				CLANG_ENABLE_OBJC_WEAK = YES;
				CLANG_WARN_BLOCK_CAPTURE_AUTORELEASING = YES;
				CLANG_WARN_BOOL_CONVERSION = YES;
				CLANG_WARN_COMMA = YES;
				CLANG_WARN_CONSTANT_CONVERSION = YES;
				CLANG_WARN_DEPRECATED_OBJC_IMPLEMENTATIONS = YES;
				CLANG_WARN_DIRECT_OBJC_ISA_USAGE = YES_ERROR;
				CLANG_WARN_DOCUMENTATION_COMMENTS = YES;
				CLANG_WARN_EMPTY_BODY = YES;
				CLANG_WARN_ENUM_CONVERSION = YES;
				CLANG_WARN_INFINITE_RECURSION = YES;
				CLANG_WARN_INT_CONVERSION = YES;
				CLANG_WARN_NON_LITERAL_NULL_CONVERSION = YES;
				CLANG_WARN_OBJC_IMPLICIT_RETAIN_SELF = YES;
				CLANG_WARN_OBJC_LITERAL_CONVERSION = YES;
				CLANG_WARN_OBJC_ROOT_CLASS = YES_ERROR;
				CLANG_WARN_QUOTED_INCLUDE_IN_FRAMEWORK_HEADER = YES;
				CLANG_WARN_RANGE_LOOP_ANALYSIS = YES;
				CLANG_WARN_STRICT_PROTOTYPES = YES;
				CLANG_WARN_SUSPICIOUS_MOVE = YES;
				CLANG_WARN_UNGUARDED_AVAILABILITY = YES_AGGRESSIVE;
				CLANG_WARN_UNREACHABLE_CODE = YES;
				CLANG_WARN__DUPLICATE_METHOD_MATCH = YES;
				COPY_PHASE_STRIP = NO;
				DEBUG_INFORMATION_FORMAT = "dwarf-with-dsym";
				ENABLE_NS_ASSERTIONS = NO;
				ENABLE_STRICT_OBJC_MSGSEND = YES;
				ENABLE_USER_SCRIPT_SANDBOXING = YES;
				GCC_C_LANGUAGE_STANDARD = gnu17;
				GCC_NO_COMMON_BLOCKS = YES;
				GCC_WARN_64_TO_32_BIT_CONVERSION = YES;
				GCC_WARN_ABOUT_RETURN_TYPE = YES_ERROR;
				GCC_WARN_UNDECLARED_SELECTOR = YES;
				GCC_WARN_UNINITIALIZED_AUTOS = YES_AGGRESSIVE;
				GCC_WARN_UNUSED_FUNCTION = YES;
				GCC_WARN_UNUSED_VARIABLE = YES;
				IPHONEOS_DEPLOYMENT_TARGET = 17.4;
				LOCALIZATION_PREFERS_STRING_CATALOGS = YES;
				MTL_ENABLE_DEBUG_INFO = NO;
				MTL_FAST_MATH = YES;
				SDKROOT = iphoneos;
				SWIFT_COMPILATION_MODE = wholemodule;
				VALIDATE_PRODUCT = YES;
			};
			name = Release;
		};
		17EBA2A02C0750EF00A02F78 /* Debug */ = {
			isa = XCBuildConfiguration;
			buildSettings = {
				ASSETCATALOG_COMPILER_APPICON_NAME = AppIcon;
				ASSETCATALOG_COMPILER_GLOBAL_ACCENT_COLOR_NAME = AccentColor;
				CODE_SIGN_STYLE = Automatic;
				CURRENT_PROJECT_VERSION = 1;
				DEVELOPMENT_ASSET_PATHS = "\"WhatsappChat/Preview Content\"";
				DEVELOPMENT_TEAM = JN658639F2;
				ENABLE_PREVIEWS = YES;
				GENERATE_INFOPLIST_FILE = YES;
				INFOPLIST_KEY_NSCameraUsageDescription = "camera usage in app";
				INFOPLIST_KEY_NSPhotoLibraryUsageDescription = "used in app";
				INFOPLIST_KEY_UIApplicationSceneManifest_Generation = YES;
				INFOPLIST_KEY_UIApplicationSupportsIndirectInputEvents = YES;
				INFOPLIST_KEY_UILaunchScreen_Generation = YES;
				INFOPLIST_KEY_UISupportedInterfaceOrientations_iPad = "UIInterfaceOrientationPortrait UIInterfaceOrientationPortraitUpsideDown UIInterfaceOrientationLandscapeLeft UIInterfaceOrientationLandscapeRight";
				INFOPLIST_KEY_UISupportedInterfaceOrientations_iPhone = "UIInterfaceOrientationPortrait UIInterfaceOrientationLandscapeLeft UIInterfaceOrientationLandscapeRight";
				LD_RUNPATH_SEARCH_PATHS = (
					"$(inherited)",
					"@executable_path/Frameworks",
				);
				MARKETING_VERSION = 1.0;
				PRODUCT_BUNDLE_IDENTIFIER = com.todo.WhatsappChat;
				PRODUCT_NAME = "$(TARGET_NAME)";
				SWIFT_EMIT_LOC_STRINGS = YES;
				SWIFT_VERSION = 5.0;
				TARGETED_DEVICE_FAMILY = "1,2";
			};
			name = Debug;
		};
		17EBA2A12C0750EF00A02F78 /* Release */ = {
			isa = XCBuildConfiguration;
			buildSettings = {
				ASSETCATALOG_COMPILER_APPICON_NAME = AppIcon;
				ASSETCATALOG_COMPILER_GLOBAL_ACCENT_COLOR_NAME = AccentColor;
				CODE_SIGN_STYLE = Automatic;
				CURRENT_PROJECT_VERSION = 1;
				DEVELOPMENT_ASSET_PATHS = "\"WhatsappChat/Preview Content\"";
				DEVELOPMENT_TEAM = JN658639F2;
				ENABLE_PREVIEWS = YES;
				GENERATE_INFOPLIST_FILE = YES;
				INFOPLIST_KEY_NSCameraUsageDescription = "camera usage in app";
				INFOPLIST_KEY_NSPhotoLibraryUsageDescription = "used in app";
				INFOPLIST_KEY_UIApplicationSceneManifest_Generation = YES;
				INFOPLIST_KEY_UIApplicationSupportsIndirectInputEvents = YES;
				INFOPLIST_KEY_UILaunchScreen_Generation = YES;
				INFOPLIST_KEY_UISupportedInterfaceOrientations_iPad = "UIInterfaceOrientationPortrait UIInterfaceOrientationPortraitUpsideDown UIInterfaceOrientationLandscapeLeft UIInterfaceOrientationLandscapeRight";
				INFOPLIST_KEY_UISupportedInterfaceOrientations_iPhone = "UIInterfaceOrientationPortrait UIInterfaceOrientationLandscapeLeft UIInterfaceOrientationLandscapeRight";
				LD_RUNPATH_SEARCH_PATHS = (
					"$(inherited)",
					"@executable_path/Frameworks",
				);
				MARKETING_VERSION = 1.0;
				PRODUCT_BUNDLE_IDENTIFIER = com.todo.WhatsappChat;
				PRODUCT_NAME = "$(TARGET_NAME)";
				SWIFT_EMIT_LOC_STRINGS = YES;
				SWIFT_VERSION = 5.0;
				TARGETED_DEVICE_FAMILY = "1,2";
			};
			name = Release;
		};
/* End XCBuildConfiguration section */

/* Begin XCConfigurationList section */
		17EBA28C2C0750E400A02F78 /* Build configuration list for PBXProject "WhatsappChat" */ = {
			isa = XCConfigurationList;
			buildConfigurations = (
				17EBA29D2C0750EF00A02F78 /* Debug */,
				17EBA29E2C0750EF00A02F78 /* Release */,
			);
			defaultConfigurationIsVisible = 0;
			defaultConfigurationName = Release;
		};
		17EBA29F2C0750EF00A02F78 /* Build configuration list for PBXNativeTarget "WhatsappChat" */ = {
			isa = XCConfigurationList;
			buildConfigurations = (
				17EBA2A02C0750EF00A02F78 /* Debug */,
				17EBA2A12C0750EF00A02F78 /* Release */,
			);
			defaultConfigurationIsVisible = 0;
			defaultConfigurationName = Release;
		};
/* End XCConfigurationList section */

/* Begin XCVersionGroup section */
		17EBA2F62C08280700A02F78 /* ChatsModel.xcdatamodeld */ = {
			isa = XCVersionGroup;
			children = (
				17EBA2F72C08280700A02F78 /* ChatsModel.xcdatamodel */,
			);
			currentVersion = 17EBA2F72C08280700A02F78 /* ChatsModel.xcdatamodel */;
			path = ChatsModel.xcdatamodeld;
			sourceTree = "<group>";
			versionGroupType = wrapper.xcdatamodel;
		};
		17EBA3722C08A08C00A02F78 /* FruitsCoreData.xcdatamodeld */ = {
			isa = XCVersionGroup;
			children = (
				17EBA3732C08A08C00A02F78 /* FruitsCoreData.xcdatamodel */,
			);
			currentVersion = 17EBA3732C08A08C00A02F78 /* FruitsCoreData.xcdatamodel */;
			name = FruitsCoreData.xcdatamodeld;
			path = /Users/rakhisinghal/Documents/WhatsappChat/WhatsappChat/Storage/FruitsCoreData.xcdatamodeld;
			sourceTree = "<group>";
			versionGroupType = wrapper.xcdatamodel;
		};
/* End XCVersionGroup section */
	};
	rootObject = 17EBA2892C0750E400A02F78 /* Project object */;
}
